Microsoft Visual Studio Solution File, Format Version 12.00
# Visual Studio Version 17
VisualStudioVersion = 17.0.31903.59
MinimumVisualStudioVersion = 10.0.40219.1
Project("{9A19103F-16F7-4668-BE54-9A1E7A4F7556}") = "AiderVSExtension", "AiderVSExtension\AiderVSExtension.csproj", "{A7C02A2B-8B4E-4F5D-9B3C-1E2F3A4B5C6D}"
EndProject
Project("{9A19103F-16F7-4668-BE54-9A1E7A4F7556}") = "AiderVSExtension.Tests", "AiderVSExtension.Tests\AiderVSExtension.Tests.csproj", "{B8D13C3C-9C5F-4E6E-AC4D-2F3E4A5B6C7E}"
EndProject
Global
	GlobalSection(SolutionConfigurationPlatforms) = preSolution
		Debug|Any CPU = Debug|Any CPU
		Release|Any CPU = Release|Any CPU
	EndGlobalSection
	GlobalSection(ProjectConfigurationPlatforms) = postSolution
		{A7C02A2B-8B4E-4F5D-9B3C-1E2F3A4B5C6D}.Debug|Any CPU.ActiveCfg = Debug|Any CPU
		{A7C02A2B-8B4E-4F5D-9B3C-1E2F3A4B5C6D}.Debug|Any CPU.Build.0 = Debug|Any CPU
		{A7C02A2B-8B4E-4F5D-9B3C-1E2F3A4B5C6D}.Release|Any CPU.ActiveCfg = Release|Any CPU
		{A7C02A2B-8B4E-4F5D-9B3C-1E2F3A4B5C6D}.Release|Any CPU.Build.0 = Release|Any CPU
		{B8D13C3C-9C5F-4E6E-AC4D-2F3E4A5B6C7E}.Debug|Any CPU.ActiveCfg = Debug|Any CPU
		{B8D13C3C-9C5F-4E6E-AC4D-2F3E4A5B6C7E}.Debug|Any CPU.Build.0 = Debug|Any CPU
		{B8D13C3C-9C5F-4E6E-AC4D-2F3E4A5B6C7E}.Release|Any CPU.ActiveCfg = Release|Any CPU
		{B8D13C3C-9C5F-4E6E-AC4D-2F3E4A5B6C7E}.Release|Any CPU.Build.0 = Release|Any CPU
	EndGlobalSection
	GlobalSection(SolutionProperties) = preSolution
		HideSolutionNode = FALSE
	EndGlobalSection
	GlobalSection(ExtensibilityGlobals) = postSolution
		SolutionGuid = {C9E14F4D-0A1B-4C5E-8F7A-9B6C5D4E3F2A}
	EndGlobalSection
EndGlobal